// !$*UTF8*$!
{
	archiveVersion = 1;
	classes = {
	};
	objectVersion = 46;
	objects = {

/* Begin PBXBuildFile section */
		E4F368FC1A63CEF40037A533 /* main.m in Sources */ = {isa = PBXBuildFile; fileRef = E4F368FB1A63CEF40037A533 /* main.m */; };
		E4F368FF1A63CEF40037A533 /* AppDelegate.m in Sources */ = {isa = PBXBuildFile; fileRef = E4F368FE1A63CEF40037A533 /* AppDelegate.m */; };
		E4F369051A63CEF40037A533 /* Main.storyboard in Resources */ = {isa = PBXBuildFile; fileRef = E4F369031A63CEF40037A533 /* Main.storyboard */; };
		E4F369071A63CEF40037A533 /* Images.xcassets in Resources */ = {isa = PBXBuildFile; fileRef = E4F369061A63CEF40037A533 /* Images.xcassets */; };
		E4F369161A63CEF40037A533 /* hmxxTests.m in Sources */ = {isa = PBXBuildFile; fileRef = E4F369151A63CEF40037A533 /* hmxxTests.m */; };
		E4F369271A63E0920037A533 /* GuideViewController.m in Sources */ = {isa = PBXBuildFile; fileRef = E4F369221A63E0920037A533 /* GuideViewController.m */; };
		E4F369281A63E0920037A533 /* GuideViewController.xib in Resources */ = {isa = PBXBuildFile; fileRef = E4F369231A63E0920037A533 /* GuideViewController.xib */; };
		E4F369291A63E0920037A533 /* LoginViewController.m in Sources */ = {isa = PBXBuildFile; fileRef = E4F369251A63E0920037A533 /* LoginViewController.m */; };
		E4F3692A1A63E0920037A533 /* LoginViewController.xib in Resources */ = {isa = PBXBuildFile; fileRef = E4F369261A63E0920037A533 /* LoginViewController.xib */; };
		E4F369331A63E1D20037A533 /* default4.png in Resources */ = {isa = PBXBuildFile; fileRef = E4F3692C1A63E1D20037A533 /* default4.png */; };
		E4F369341A63E1D20037A533 /* guide_1.png in Resources */ = {isa = PBXBuildFile; fileRef = E4F3692D1A63E1D20037A533 /* guide_1.png */; };
		E4F369351A63E1D20037A533 /* guide_2.png in Resources */ = {isa = PBXBuildFile; fileRef = E4F3692E1A63E1D20037A533 /* guide_2.png */; };
		E4F369361A63E1D20037A533 /* guide_3.png in Resources */ = {isa = PBXBuildFile; fileRef = E4F3692F1A63E1D20037A533 /* guide_3.png */; };
		E4F369371A63E1D20037A533 /* guide_4.png in Resources */ = {isa = PBXBuildFile; fileRef = E4F369301A63E1D20037A533 /* guide_4.png */; };
		E4F369381A63E1D20037A533 /* ic_login_password.png in Resources */ = {isa = PBXBuildFile; fileRef = E4F369311A63E1D20037A533 /* ic_login_password.png */; };
		E4F369391A63E1D20037A533 /* ic_login_user.png in Resources */ = {isa = PBXBuildFile; fileRef = E4F369321A63E1D20037A533 /* ic_login_user.png */; };
		E4F369521A63E36C0037A533 /* NSAlert+MKNetworkKitAdditions.m in Sources */ = {isa = PBXBuildFile; fileRef = E4F3693D1A63E36C0037A533 /* NSAlert+MKNetworkKitAdditions.m */; };
		E4F369531A63E36C0037A533 /* NSData+MKBase64.m in Sources */ = {isa = PBXBuildFile; fileRef = E4F3693F1A63E36C0037A533 /* NSData+MKBase64.m */; };
		E4F369541A63E36C0037A533 /* NSDate+RFC1123.m in Sources */ = {isa = PBXBuildFile; fileRef = E4F369411A63E36C0037A533 /* NSDate+RFC1123.m */; };
		E4F369551A63E36C0037A533 /* NSDictionary+RequestEncoding.m in Sources */ = {isa = PBXBuildFile; fileRef = E4F369431A63E36C0037A533 /* NSDictionary+RequestEncoding.m */; };
		E4F369561A63E36C0037A533 /* NSString+MKNetworkKitAdditions.m in Sources */ = {isa = PBXBuildFile; fileRef = E4F369451A63E36C0037A533 /* NSString+MKNetworkKitAdditions.m */; };
		E4F369571A63E36C0037A533 /* UIAlertView+MKNetworkKitAdditions.m in Sources */ = {isa = PBXBuildFile; fileRef = E4F369471A63E36C0037A533 /* UIAlertView+MKNetworkKitAdditions.m */; };
		E4F369581A63E36C0037A533 /* UIImageView+MKNetworkKitAdditions.m in Sources */ = {isa = PBXBuildFile; fileRef = E4F369491A63E36C0037A533 /* UIImageView+MKNetworkKitAdditions.m */; };
		E4F369591A63E36C0037A533 /* MKNetworkEngine.m in Sources */ = {isa = PBXBuildFile; fileRef = E4F3694B1A63E36C0037A533 /* MKNetworkEngine.m */; };
		E4F3695A1A63E36C0037A533 /* MKNetworkOperation.m in Sources */ = {isa = PBXBuildFile; fileRef = E4F3694E1A63E36C0037A533 /* MKNetworkOperation.m */; };
		E4F3695B1A63E36C0037A533 /* Reachability.m in Sources */ = {isa = PBXBuildFile; fileRef = E4F369511A63E36C0037A533 /* Reachability.m */; };
		E4F369611A63E3FE0037A533 /* MBProgressHUD+Add.m in Sources */ = {isa = PBXBuildFile; fileRef = E4F3695E1A63E3FE0037A533 /* MBProgressHUD+Add.m */; };
		E4F369621A63E3FE0037A533 /* MBProgressHUD.m in Sources */ = {isa = PBXBuildFile; fileRef = E4F369601A63E3FE0037A533 /* MBProgressHUD.m */; };
		E4F369671A63E52F0037A533 /* CFNetwork.framework in Frameworks */ = {isa = PBXBuildFile; fileRef = E4F369661A63E52F0037A533 /* CFNetwork.framework */; };
		E4F369681A63E53C0037A533 /* SystemConfiguration.framework in Frameworks */ = {isa = PBXBuildFile; fileRef = E4F369631A63E4A20037A533 /* SystemConfiguration.framework */; };
		E4F3696A1A63E54D0037A533 /* Security.framework in Frameworks */ = {isa = PBXBuildFile; fileRef = E4F369691A63E54D0037A533 /* Security.framework */; };
		E4F3696C1A63E55B0037A533 /* ImageIO.framework in Frameworks */ = {isa = PBXBuildFile; fileRef = E4F3696B1A63E55B0037A533 /* ImageIO.framework */; };
		E4F369701A63ED080037A533 /* start_open.png in Resources */ = {isa = PBXBuildFile; fileRef = E4F3696F1A63ED080037A533 /* start_open.png */; };
		E4F369741A6405F10037A533 /* MainViewController.m in Sources */ = {isa = PBXBuildFile; fileRef = E4F369721A6405F10037A533 /* MainViewController.m */; };
		E4F369751A6405F10037A533 /* MainViewController.xib in Resources */ = {isa = PBXBuildFile; fileRef = E4F369731A6405F10037A533 /* MainViewController.xib */; };
		E4F369771A6406500037A533 /* ic_index_bg.png in Resources */ = {isa = PBXBuildFile; fileRef = E4F369761A6406500037A533 /* ic_index_bg.png */; };
		E4F369881A64066D0037A533 /* ic_index_012.png in Resources */ = {isa = PBXBuildFile; fileRef = E4F3697E1A64066D0037A533 /* ic_index_012.png */; };
		E4F369891A64066D0037A533 /* ic_index_bg.png in Resources */ = {isa = PBXBuildFile; fileRef = E4F3697F1A64066D0037A533 /* ic_index_bg.png */; };
		E4F3698F1A6406D60037A533 /* chatListCellHead.png in Resources */ = {isa = PBXBuildFile; fileRef = E4F3698D1A6406D60037A533 /* chatListCellHead.png */; };
		E4F369901A6406D60037A533 /* chatListCellHead@2x.png in Resources */ = {isa = PBXBuildFile; fileRef = E4F3698E1A6406D60037A533 /* chatListCellHead@2x.png */; };
		E4F369931A6407F40037A533 /* Utils.m in Sources */ = {isa = PBXBuildFile; fileRef = E4F369921A6407F40037A533 /* Utils.m */; };
		E4F369BA1A64088F0037A533 /* AFHTTPRequestOperation.m in Sources */ = {isa = PBXBuildFile; fileRef = E4F369961A64088F0037A533 /* AFHTTPRequestOperation.m */; };
		E4F369BB1A64088F0037A533 /* AFHTTPRequestOperationManager.m in Sources */ = {isa = PBXBuildFile; fileRef = E4F369981A64088F0037A533 /* AFHTTPRequestOperationManager.m */; };
		E4F369BC1A64088F0037A533 /* AFHTTPSessionManager.m in Sources */ = {isa = PBXBuildFile; fileRef = E4F3699A1A64088F0037A533 /* AFHTTPSessionManager.m */; };
		E4F369BD1A64088F0037A533 /* AFNetworkReachabilityManager.m in Sources */ = {isa = PBXBuildFile; fileRef = E4F3699D1A64088F0037A533 /* AFNetworkReachabilityManager.m */; };
		E4F369BE1A64088F0037A533 /* AFSecurityPolicy.m in Sources */ = {isa = PBXBuildFile; fileRef = E4F3699F1A64088F0037A533 /* AFSecurityPolicy.m */; };
		E4F369BF1A64088F0037A533 /* AFURLConnectionOperation.m in Sources */ = {isa = PBXBuildFile; fileRef = E4F369A11A64088F0037A533 /* AFURLConnectionOperation.m */; };
		E4F369C01A64088F0037A533 /* AFURLRequestSerialization.m in Sources */ = {isa = PBXBuildFile; fileRef = E4F369A31A64088F0037A533 /* AFURLRequestSerialization.m */; };
		E4F369C11A64088F0037A533 /* AFURLResponseSerialization.m in Sources */ = {isa = PBXBuildFile; fileRef = E4F369A51A64088F0037A533 /* AFURLResponseSerialization.m */; };
		E4F369C21A64088F0037A533 /* AFURLSessionManager.m in Sources */ = {isa = PBXBuildFile; fileRef = E4F369A71A64088F0037A533 /* AFURLSessionManager.m */; };
		E4F369C31A64088F0037A533 /* AFNetworkActivityIndicatorManager.m in Sources */ = {isa = PBXBuildFile; fileRef = E4F369AA1A64088F0037A533 /* AFNetworkActivityIndicatorManager.m */; };
		E4F369C41A64088F0037A533 /* UIActivityIndicatorView+AFNetworking.m in Sources */ = {isa = PBXBuildFile; fileRef = E4F369AC1A64088F0037A533 /* UIActivityIndicatorView+AFNetworking.m */; };
		E4F369C51A64088F0037A533 /* UIAlertView+AFNetworking.m in Sources */ = {isa = PBXBuildFile; fileRef = E4F369AE1A64088F0037A533 /* UIAlertView+AFNetworking.m */; };
		E4F369C61A64088F0037A533 /* UIButton+AFNetworking.m in Sources */ = {isa = PBXBuildFile; fileRef = E4F369B01A64088F0037A533 /* UIButton+AFNetworking.m */; };
		E4F369C71A64088F0037A533 /* UIImageView+AFNetworking.m in Sources */ = {isa = PBXBuildFile; fileRef = E4F369B21A64088F0037A533 /* UIImageView+AFNetworking.m */; };
		E4F369C81A64088F0037A533 /* UIProgressView+AFNetworking.m in Sources */ = {isa = PBXBuildFile; fileRef = E4F369B51A64088F0037A533 /* UIProgressView+AFNetworking.m */; };
		E4F369C91A64088F0037A533 /* UIRefreshControl+AFNetworking.m in Sources */ = {isa = PBXBuildFile; fileRef = E4F369B71A64088F0037A533 /* UIRefreshControl+AFNetworking.m */; };
		E4F369CA1A64088F0037A533 /* UIWebView+AFNetworking.m in Sources */ = {isa = PBXBuildFile; fileRef = E4F369B91A64088F0037A533 /* UIWebView+AFNetworking.m */; };
		E4F369D81A6415280037A533 /* ShezhiViewController.m in Sources */ = {isa = PBXBuildFile; fileRef = E4F369D01A6415280037A533 /* ShezhiViewController.m */; };
		E4F369D91A6415280037A533 /* ShezhiViewController.xib in Resources */ = {isa = PBXBuildFile; fileRef = E4F369D11A6415280037A533 /* ShezhiViewController.xib */; };
		E4F369DA1A6415280037A533 /* UpdatePasswordViewController.m in Sources */ = {isa = PBXBuildFile; fileRef = E4F369D31A6415280037A533 /* UpdatePasswordViewController.m */; };
		E4F369DB1A6415280037A533 /* UpdatePasswordViewController.xib in Resources */ = {isa = PBXBuildFile; fileRef = E4F369D41A6415280037A533 /* UpdatePasswordViewController.xib */; };
		E4F369DC1A6415280037A533 /* YjfkViewController.m in Sources */ = {isa = PBXBuildFile; fileRef = E4F369D61A6415280037A533 /* YjfkViewController.m */; };
		E4F369DD1A6415280037A533 /* YjfkViewController.xib in Resources */ = {isa = PBXBuildFile; fileRef = E4F369D71A6415280037A533 /* YjfkViewController.xib */; };
		E4F369DF1A6418EF0037A533 /* ic_sz_002.png in Resources */ = {isa = PBXBuildFile; fileRef = E4F369DE1A6418EF0037A533 /* ic_sz_002.png */; };
		E4F369E21A642A670037A533 /* ic_index_004_high.png in Resources */ = {isa = PBXBuildFile; fileRef = E4F369E01A642A670037A533 /* ic_index_004_high.png */; };
		E4F369E31A642A670037A533 /* ic_index_004.png in Resources */ = {isa = PBXBuildFile; fileRef = E4F369E11A642A670037A533 /* ic_index_004.png */; };
		E4F369E71A642ADF0037A533 /* BbspViewController.m in Sources */ = {isa = PBXBuildFile; fileRef = E4F369E51A642ADF0037A533 /* BbspViewController.m */; };
		E4F369E81A642ADF0037A533 /* BbspViewController.xib in Resources */ = {isa = PBXBuildFile; fileRef = E4F369E61A642ADF0037A533 /* BbspViewController.xib */; };
		E4F369EB1A642B0C0037A533 /* JYSlideSegmentController.m in Sources */ = {isa = PBXBuildFile; fileRef = E4F369EA1A642B0C0037A533 /* JYSlideSegmentController.m */; };
		E4F369EF1A642B4D0037A533 /* SpTableViewCell.m in Sources */ = {isa = PBXBuildFile; fileRef = E4F369ED1A642B4D0037A533 /* SpTableViewCell.m */; };
		E4F369F01A642B4D0037A533 /* SpTableViewCell.xib in Resources */ = {isa = PBXBuildFile; fileRef = E4F369EE1A642B4D0037A533 /* SpTableViewCell.xib */; };
		E4F369F21A642C010037A533 /* ic_sp_001.png in Resources */ = {isa = PBXBuildFile; fileRef = E4F369F11A642C010037A533 /* ic_sp_001.png */; };
		E4F369F41A642C4F0037A533 /* nopicture.png in Resources */ = {isa = PBXBuildFile; fileRef = E4F369F31A642C4F0037A533 /* nopicture.png */; };
		E4F369F81A6443930037A533 /* KcbViewController.m in Sources */ = {isa = PBXBuildFile; fileRef = E4F369F61A6443930037A533 /* KcbViewController.m */; };
		E4F369F91A6443930037A533 /* KcbViewController.xib in Resources */ = {isa = PBXBuildFile; fileRef = E4F369F71A6443930037A533 /* KcbViewController.xib */; };
		E4F369FC1A6444EA0037A533 /* ic_kcb_bg.png in Resources */ = {isa = PBXBuildFile; fileRef = E4F369FA1A6444EA0037A533 /* ic_kcb_bg.png */; };
		E4F369FD1A6444EA0037A533 /* ic_kcb_bg2.png in Resources */ = {isa = PBXBuildFile; fileRef = E4F369FB1A6444EA0037A533 /* ic_kcb_bg2.png */; };
		E4F36A001A6448300037A533 /* ic_index_007_high.png in Resources */ = {isa = PBXBuildFile; fileRef = E4F369FE1A6448300037A533 /* ic_index_007_high.png */; };
		E4F36A011A6448300037A533 /* ic_index_007.png in Resources */ = {isa = PBXBuildFile; fileRef = E4F369FF1A6448300037A533 /* ic_index_007.png */; };
/* End PBXBuildFile section */

/* Begin PBXContainerItemProxy section */
		E4F369101A63CEF40037A533 /* PBXContainerItemProxy */ = {
			isa = PBXContainerItemProxy;
			containerPortal = E4F368EE1A63CEF30037A533 /* Project object */;
			proxyType = 1;
			remoteGlobalIDString = E4F368F51A63CEF30037A533;
			remoteInfo = hmxx;
		};
/* End PBXContainerItemProxy section */

/* Begin PBXFileReference section */
		E4F368F61A63CEF30037A533 /* hmxx.app */ = {isa = PBXFileReference; explicitFileType = wrapper.application; includeInIndex = 0; path = hmxx.app; sourceTree = BUILT_PRODUCTS_DIR; };
		E4F368FA1A63CEF30037A533 /* Info.plist */ = {isa = PBXFileReference; lastKnownFileType = text.plist.xml; path = Info.plist; sourceTree = "<group>"; };
		E4F368FB1A63CEF40037A533 /* main.m */ = {isa = PBXFileReference; lastKnownFileType = sourcecode.c.objc; path = main.m; sourceTree = "<group>"; };
		E4F368FD1A63CEF40037A533 /* AppDelegate.h */ = {isa = PBXFileReference; lastKnownFileType = sourcecode.c.h; path = AppDelegate.h; sourceTree = "<group>"; };
		E4F368FE1A63CEF40037A533 /* AppDelegate.m */ = {isa = PBXFileReference; lastKnownFileType = sourcecode.c.objc; path = AppDelegate.m; sourceTree = "<group>"; };
		E4F369041A63CEF40037A533 /* Base */ = {isa = PBXFileReference; lastKnownFileType = file.storyboard; name = Base; path = Base.lproj/Main.storyboard; sourceTree = "<group>"; };
		E4F369061A63CEF40037A533 /* Images.xcassets */ = {isa = PBXFileReference; lastKnownFileType = folder.assetcatalog; path = Images.xcassets; sourceTree = "<group>"; };
		E4F3690F1A63CEF40037A533 /* hmxxTests.xctest */ = {isa = PBXFileReference; explicitFileType = wrapper.cfbundle; includeInIndex = 0; path = hmxxTests.xctest; sourceTree = BUILT_PRODUCTS_DIR; };
		E4F369141A63CEF40037A533 /* Info.plist */ = {isa = PBXFileReference; lastKnownFileType = text.plist.xml; path = Info.plist; sourceTree = "<group>"; };
		E4F369151A63CEF40037A533 /* hmxxTests.m */ = {isa = PBXFileReference; lastKnownFileType = sourcecode.c.objc; path = hmxxTests.m; sourceTree = "<group>"; };
		E4F369211A63E0920037A533 /* GuideViewController.h */ = {isa = PBXFileReference; fileEncoding = 4; lastKnownFileType = sourcecode.c.h; path = GuideViewController.h; sourceTree = "<group>"; };
		E4F369221A63E0920037A533 /* GuideViewController.m */ = {isa = PBXFileReference; fileEncoding = 4; lastKnownFileType = sourcecode.c.objc; path = GuideViewController.m; sourceTree = "<group>"; };
		E4F369231A63E0920037A533 /* GuideViewController.xib */ = {isa = PBXFileReference; fileEncoding = 4; lastKnownFileType = file.xib; path = GuideViewController.xib; sourceTree = "<group>"; };
		E4F369241A63E0920037A533 /* LoginViewController.h */ = {isa = PBXFileReference; fileEncoding = 4; lastKnownFileType = sourcecode.c.h; path = LoginViewController.h; sourceTree = "<group>"; };
		E4F369251A63E0920037A533 /* LoginViewController.m */ = {isa = PBXFileReference; fileEncoding = 4; lastKnownFileType = sourcecode.c.objc; path = LoginViewController.m; sourceTree = "<group>"; };
		E4F369261A63E0920037A533 /* LoginViewController.xib */ = {isa = PBXFileReference; fileEncoding = 4; lastKnownFileType = file.xib; path = LoginViewController.xib; sourceTree = "<group>"; };
		E4F3692C1A63E1D20037A533 /* default4.png */ = {isa = PBXFileReference; lastKnownFileType = image.png; path = default4.png; sourceTree = "<group>"; };
		E4F3692D1A63E1D20037A533 /* guide_1.png */ = {isa = PBXFileReference; lastKnownFileType = image.png; path = guide_1.png; sourceTree = "<group>"; };
		E4F3692E1A63E1D20037A533 /* guide_2.png */ = {isa = PBXFileReference; lastKnownFileType = image.png; path = guide_2.png; sourceTree = "<group>"; };
		E4F3692F1A63E1D20037A533 /* guide_3.png */ = {isa = PBXFileReference; lastKnownFileType = image.png; path = guide_3.png; sourceTree = "<group>"; };
		E4F369301A63E1D20037A533 /* guide_4.png */ = {isa = PBXFileReference; lastKnownFileType = image.png; path = guide_4.png; sourceTree = "<group>"; };
		E4F369311A63E1D20037A533 /* ic_login_password.png */ = {isa = PBXFileReference; lastKnownFileType = image.png; path = ic_login_password.png; sourceTree = "<group>"; };
		E4F369321A63E1D20037A533 /* ic_login_user.png */ = {isa = PBXFileReference; lastKnownFileType = image.png; path = ic_login_user.png; sourceTree = "<group>"; };
		E4F3693C1A63E36C0037A533 /* NSAlert+MKNetworkKitAdditions.h */ = {isa = PBXFileReference; fileEncoding = 4; lastKnownFileType = sourcecode.c.h; path = "NSAlert+MKNetworkKitAdditions.h"; sourceTree = "<group>"; };
		E4F3693D1A63E36C0037A533 /* NSAlert+MKNetworkKitAdditions.m */ = {isa = PBXFileReference; fileEncoding = 4; lastKnownFileType = sourcecode.c.objc; path = "NSAlert+MKNetworkKitAdditions.m"; sourceTree = "<group>"; };
		E4F3693E1A63E36C0037A533 /* NSData+MKBase64.h */ = {isa = PBXFileReference; fileEncoding = 4; lastKnownFileType = sourcecode.c.h; path = "NSData+MKBase64.h"; sourceTree = "<group>"; };
		E4F3693F1A63E36C0037A533 /* NSData+MKBase64.m */ = {isa = PBXFileReference; fileEncoding = 4; lastKnownFileType = sourcecode.c.objc; path = "NSData+MKBase64.m"; sourceTree = "<group>"; };
		E4F369401A63E36C0037A533 /* NSDate+RFC1123.h */ = {isa = PBXFileReference; fileEncoding = 4; lastKnownFileType = sourcecode.c.h; path = "NSDate+RFC1123.h"; sourceTree = "<group>"; };
		E4F369411A63E36C0037A533 /* NSDate+RFC1123.m */ = {isa = PBXFileReference; fileEncoding = 4; lastKnownFileType = sourcecode.c.objc; path = "NSDate+RFC1123.m"; sourceTree = "<group>"; };
		E4F369421A63E36C0037A533 /* NSDictionary+RequestEncoding.h */ = {isa = PBXFileReference; fileEncoding = 4; lastKnownFileType = sourcecode.c.h; path = "NSDictionary+RequestEncoding.h"; sourceTree = "<group>"; };
		E4F369431A63E36C0037A533 /* NSDictionary+RequestEncoding.m */ = {isa = PBXFileReference; fileEncoding = 4; lastKnownFileType = sourcecode.c.objc; path = "NSDictionary+RequestEncoding.m"; sourceTree = "<group>"; };
		E4F369441A63E36C0037A533 /* NSString+MKNetworkKitAdditions.h */ = {isa = PBXFileReference; fileEncoding = 4; lastKnownFileType = sourcecode.c.h; path = "NSString+MKNetworkKitAdditions.h"; sourceTree = "<group>"; };
		E4F369451A63E36C0037A533 /* NSString+MKNetworkKitAdditions.m */ = {isa = PBXFileReference; fileEncoding = 4; lastKnownFileType = sourcecode.c.objc; path = "NSString+MKNetworkKitAdditions.m"; sourceTree = "<group>"; };
		E4F369461A63E36C0037A533 /* UIAlertView+MKNetworkKitAdditions.h */ = {isa = PBXFileReference; fileEncoding = 4; lastKnownFileType = sourcecode.c.h; path = "UIAlertView+MKNetworkKitAdditions.h"; sourceTree = "<group>"; };
		E4F369471A63E36C0037A533 /* UIAlertView+MKNetworkKitAdditions.m */ = {isa = PBXFileReference; fileEncoding = 4; lastKnownFileType = sourcecode.c.objc; path = "UIAlertView+MKNetworkKitAdditions.m"; sourceTree = "<group>"; };
		E4F369481A63E36C0037A533 /* UIImageView+MKNetworkKitAdditions.h */ = {isa = PBXFileReference; fileEncoding = 4; lastKnownFileType = sourcecode.c.h; path = "UIImageView+MKNetworkKitAdditions.h"; sourceTree = "<group>"; };
		E4F369491A63E36C0037A533 /* UIImageView+MKNetworkKitAdditions.m */ = {isa = PBXFileReference; fileEncoding = 4; lastKnownFileType = sourcecode.c.objc; path = "UIImageView+MKNetworkKitAdditions.m"; sourceTree = "<group>"; };
		E4F3694A1A63E36C0037A533 /* MKNetworkEngine.h */ = {isa = PBXFileReference; fileEncoding = 4; lastKnownFileType = sourcecode.c.h; path = MKNetworkEngine.h; sourceTree = "<group>"; };
		E4F3694B1A63E36C0037A533 /* MKNetworkEngine.m */ = {isa = PBXFileReference; fileEncoding = 4; lastKnownFileType = sourcecode.c.objc; path = MKNetworkEngine.m; sourceTree = "<group>"; };
		E4F3694C1A63E36C0037A533 /* MKNetworkKit.h */ = {isa = PBXFileReference; fileEncoding = 4; lastKnownFileType = sourcecode.c.h; path = MKNetworkKit.h; sourceTree = "<group>"; };
		E4F3694D1A63E36C0037A533 /* MKNetworkOperation.h */ = {isa = PBXFileReference; fileEncoding = 4; lastKnownFileType = sourcecode.c.h; path = MKNetworkOperation.h; sourceTree = "<group>"; };
		E4F3694E1A63E36C0037A533 /* MKNetworkOperation.m */ = {isa = PBXFileReference; fileEncoding = 4; lastKnownFileType = sourcecode.c.objc; path = MKNetworkOperation.m; sourceTree = "<group>"; };
		E4F369501A63E36C0037A533 /* Reachability.h */ = {isa = PBXFileReference; fileEncoding = 4; lastKnownFileType = sourcecode.c.h; path = Reachability.h; sourceTree = "<group>"; };
		E4F369511A63E36C0037A533 /* Reachability.m */ = {isa = PBXFileReference; fileEncoding = 4; lastKnownFileType = sourcecode.c.objc; path = Reachability.m; sourceTree = "<group>"; };
		E4F3695D1A63E3FE0037A533 /* MBProgressHUD+Add.h */ = {isa = PBXFileReference; fileEncoding = 4; lastKnownFileType = sourcecode.c.h; path = "MBProgressHUD+Add.h"; sourceTree = "<group>"; };
		E4F3695E1A63E3FE0037A533 /* MBProgressHUD+Add.m */ = {isa = PBXFileReference; fileEncoding = 4; lastKnownFileType = sourcecode.c.objc; path = "MBProgressHUD+Add.m"; sourceTree = "<group>"; };
		E4F3695F1A63E3FE0037A533 /* MBProgressHUD.h */ = {isa = PBXFileReference; fileEncoding = 4; lastKnownFileType = sourcecode.c.h; path = MBProgressHUD.h; sourceTree = "<group>"; };
		E4F369601A63E3FE0037A533 /* MBProgressHUD.m */ = {isa = PBXFileReference; fileEncoding = 4; lastKnownFileType = sourcecode.c.objc; path = MBProgressHUD.m; sourceTree = "<group>"; };
		E4F369631A63E4A20037A533 /* SystemConfiguration.framework */ = {isa = PBXFileReference; lastKnownFileType = wrapper.framework; name = SystemConfiguration.framework; path = System/Library/Frameworks/SystemConfiguration.framework; sourceTree = SDKROOT; };
		E4F369661A63E52F0037A533 /* CFNetwork.framework */ = {isa = PBXFileReference; lastKnownFileType = wrapper.framework; name = CFNetwork.framework; path = System/Library/Frameworks/CFNetwork.framework; sourceTree = SDKROOT; };
		E4F369691A63E54D0037A533 /* Security.framework */ = {isa = PBXFileReference; lastKnownFileType = wrapper.framework; name = Security.framework; path = System/Library/Frameworks/Security.framework; sourceTree = SDKROOT; };
		E4F3696B1A63E55B0037A533 /* ImageIO.framework */ = {isa = PBXFileReference; lastKnownFileType = wrapper.framework; name = ImageIO.framework; path = System/Library/Frameworks/ImageIO.framework; sourceTree = SDKROOT; };
		E4F3696E1A63E6BB0037A533 /* hmxx.pch */ = {isa = PBXFileReference; lastKnownFileType = sourcecode.c.h; path = hmxx.pch; sourceTree = "<group>"; };
		E4F3696F1A63ED080037A533 /* start_open.png */ = {isa = PBXFileReference; lastKnownFileType = image.png; path = start_open.png; sourceTree = "<group>"; };
		E4F369711A6405F10037A533 /* MainViewController.h */ = {isa = PBXFileReference; fileEncoding = 4; lastKnownFileType = sourcecode.c.h; path = MainViewController.h; sourceTree = "<group>"; };
		E4F369721A6405F10037A533 /* MainViewController.m */ = {isa = PBXFileReference; fileEncoding = 4; lastKnownFileType = sourcecode.c.objc; path = MainViewController.m; sourceTree = "<group>"; };
		E4F369731A6405F10037A533 /* MainViewController.xib */ = {isa = PBXFileReference; fileEncoding = 4; lastKnownFileType = file.xib; path = MainViewController.xib; sourceTree = "<group>"; };
		E4F369761A6406500037A533 /* ic_index_bg.png */ = {isa = PBXFileReference; lastKnownFileType = image.png; path = ic_index_bg.png; sourceTree = "<group>"; };
		E4F3697E1A64066D0037A533 /* ic_index_012.png */ = {isa = PBXFileReference; lastKnownFileType = image.png; path = ic_index_012.png; sourceTree = "<group>"; };
		E4F3697F1A64066D0037A533 /* ic_index_bg.png */ = {isa = PBXFileReference; lastKnownFileType = image.png; path = ic_index_bg.png; sourceTree = "<group>"; };
		E4F3698D1A6406D60037A533 /* chatListCellHead.png */ = {isa = PBXFileReference; lastKnownFileType = image.png; path = chatListCellHead.png; sourceTree = "<group>"; };
		E4F3698E1A6406D60037A533 /* chatListCellHead@2x.png */ = {isa = PBXFileReference; lastKnownFileType = image.png; path = "chatListCellHead@2x.png"; sourceTree = "<group>"; };
		E4F369911A6407F40037A533 /* Utils.h */ = {isa = PBXFileReference; fileEncoding = 4; lastKnownFileType = sourcecode.c.h; path = Utils.h; sourceTree = "<group>"; };
		E4F369921A6407F40037A533 /* Utils.m */ = {isa = PBXFileReference; fileEncoding = 4; lastKnownFileType = sourcecode.c.objc; path = Utils.m; sourceTree = "<group>"; };
		E4F369951A64088F0037A533 /* AFHTTPRequestOperation.h */ = {isa = PBXFileReference; fileEncoding = 4; lastKnownFileType = sourcecode.c.h; path = AFHTTPRequestOperation.h; sourceTree = "<group>"; };
		E4F369961A64088F0037A533 /* AFHTTPRequestOperation.m */ = {isa = PBXFileReference; fileEncoding = 4; lastKnownFileType = sourcecode.c.objc; path = AFHTTPRequestOperation.m; sourceTree = "<group>"; };
		E4F369971A64088F0037A533 /* AFHTTPRequestOperationManager.h */ = {isa = PBXFileReference; fileEncoding = 4; lastKnownFileType = sourcecode.c.h; path = AFHTTPRequestOperationManager.h; sourceTree = "<group>"; };
		E4F369981A64088F0037A533 /* AFHTTPRequestOperationManager.m */ = {isa = PBXFileReference; fileEncoding = 4; lastKnownFileType = sourcecode.c.objc; path = AFHTTPRequestOperationManager.m; sourceTree = "<group>"; };
		E4F369991A64088F0037A533 /* AFHTTPSessionManager.h */ = {isa = PBXFileReference; fileEncoding = 4; lastKnownFileType = sourcecode.c.h; path = AFHTTPSessionManager.h; sourceTree = "<group>"; };
		E4F3699A1A64088F0037A533 /* AFHTTPSessionManager.m */ = {isa = PBXFileReference; fileEncoding = 4; lastKnownFileType = sourcecode.c.objc; path = AFHTTPSessionManager.m; sourceTree = "<group>"; };
		E4F3699B1A64088F0037A533 /* AFNetworking.h */ = {isa = PBXFileReference; fileEncoding = 4; lastKnownFileType = sourcecode.c.h; path = AFNetworking.h; sourceTree = "<group>"; };
		E4F3699C1A64088F0037A533 /* AFNetworkReachabilityManager.h */ = {isa = PBXFileReference; fileEncoding = 4; lastKnownFileType = sourcecode.c.h; path = AFNetworkReachabilityManager.h; sourceTree = "<group>"; };
		E4F3699D1A64088F0037A533 /* AFNetworkReachabilityManager.m */ = {isa = PBXFileReference; fileEncoding = 4; lastKnownFileType = sourcecode.c.objc; path = AFNetworkReachabilityManager.m; sourceTree = "<group>"; };
		E4F3699E1A64088F0037A533 /* AFSecurityPolicy.h */ = {isa = PBXFileReference; fileEncoding = 4; lastKnownFileType = sourcecode.c.h; path = AFSecurityPolicy.h; sourceTree = "<group>"; };
		E4F3699F1A64088F0037A533 /* AFSecurityPolicy.m */ = {isa = PBXFileReference; fileEncoding = 4; lastKnownFileType = sourcecode.c.objc; path = AFSecurityPolicy.m; sourceTree = "<group>"; };
		E4F369A01A64088F0037A533 /* AFURLConnectionOperation.h */ = {isa = PBXFileReference; fileEncoding = 4; lastKnownFileType = sourcecode.c.h; path = AFURLConnectionOperation.h; sourceTree = "<group>"; };
		E4F369A11A64088F0037A533 /* AFURLConnectionOperation.m */ = {isa = PBXFileReference; fileEncoding = 4; lastKnownFileType = sourcecode.c.objc; path = AFURLConnectionOperation.m; sourceTree = "<group>"; };
		E4F369A21A64088F0037A533 /* AFURLRequestSerialization.h */ = {isa = PBXFileReference; fileEncoding = 4; lastKnownFileType = sourcecode.c.h; path = AFURLRequestSerialization.h; sourceTree = "<group>"; };
		E4F369A31A64088F0037A533 /* AFURLRequestSerialization.m */ = {isa = PBXFileReference; fileEncoding = 4; lastKnownFileType = sourcecode.c.objc; path = AFURLRequestSerialization.m; sourceTree = "<group>"; };
		E4F369A41A64088F0037A533 /* AFURLResponseSerialization.h */ = {isa = PBXFileReference; fileEncoding = 4; lastKnownFileType = sourcecode.c.h; path = AFURLResponseSerialization.h; sourceTree = "<group>"; };
		E4F369A51A64088F0037A533 /* AFURLResponseSerialization.m */ = {isa = PBXFileReference; fileEncoding = 4; lastKnownFileType = sourcecode.c.objc; path = AFURLResponseSerialization.m; sourceTree = "<group>"; };
		E4F369A61A64088F0037A533 /* AFURLSessionManager.h */ = {isa = PBXFileReference; fileEncoding = 4; lastKnownFileType = sourcecode.c.h; path = AFURLSessionManager.h; sourceTree = "<group>"; };
		E4F369A71A64088F0037A533 /* AFURLSessionManager.m */ = {isa = PBXFileReference; fileEncoding = 4; lastKnownFileType = sourcecode.c.objc; path = AFURLSessionManager.m; sourceTree = "<group>"; };
		E4F369A91A64088F0037A533 /* AFNetworkActivityIndicatorManager.h */ = {isa = PBXFileReference; fileEncoding = 4; lastKnownFileType = sourcecode.c.h; path = AFNetworkActivityIndicatorManager.h; sourceTree = "<group>"; };
		E4F369AA1A64088F0037A533 /* AFNetworkActivityIndicatorManager.m */ = {isa = PBXFileReference; fileEncoding = 4; lastKnownFileType = sourcecode.c.objc; path = AFNetworkActivityIndicatorManager.m; sourceTree = "<group>"; };
		E4F369AB1A64088F0037A533 /* UIActivityIndicatorView+AFNetworking.h */ = {isa = PBXFileReference; fileEncoding = 4; lastKnownFileType = sourcecode.c.h; path = "UIActivityIndicatorView+AFNetworking.h"; sourceTree = "<group>"; };
		E4F369AC1A64088F0037A533 /* UIActivityIndicatorView+AFNetworking.m */ = {isa = PBXFileReference; fileEncoding = 4; lastKnownFileType = sourcecode.c.objc; path = "UIActivityIndicatorView+AFNetworking.m"; sourceTree = "<group>"; };
		E4F369AD1A64088F0037A533 /* UIAlertView+AFNetworking.h */ = {isa = PBXFileReference; fileEncoding = 4; lastKnownFileType = sourcecode.c.h; path = "UIAlertView+AFNetworking.h"; sourceTree = "<group>"; };
		E4F369AE1A64088F0037A533 /* UIAlertView+AFNetworking.m */ = {isa = PBXFileReference; fileEncoding = 4; lastKnownFileType = sourcecode.c.objc; path = "UIAlertView+AFNetworking.m"; sourceTree = "<group>"; };
		E4F369AF1A64088F0037A533 /* UIButton+AFNetworking.h */ = {isa = PBXFileReference; fileEncoding = 4; lastKnownFileType = sourcecode.c.h; path = "UIButton+AFNetworking.h"; sourceTree = "<group>"; };
		E4F369B01A64088F0037A533 /* UIButton+AFNetworking.m */ = {isa = PBXFileReference; fileEncoding = 4; lastKnownFileType = sourcecode.c.objc; path = "UIButton+AFNetworking.m"; sourceTree = "<group>"; };
		E4F369B11A64088F0037A533 /* UIImageView+AFNetworking.h */ = {isa = PBXFileReference; fileEncoding = 4; lastKnownFileType = sourcecode.c.h; path = "UIImageView+AFNetworking.h"; sourceTree = "<group>"; };
		E4F369B21A64088F0037A533 /* UIImageView+AFNetworking.m */ = {isa = PBXFileReference; fileEncoding = 4; lastKnownFileType = sourcecode.c.objc; path = "UIImageView+AFNetworking.m"; sourceTree = "<group>"; };
		E4F369B31A64088F0037A533 /* UIKit+AFNetworking.h */ = {isa = PBXFileReference; fileEncoding = 4; lastKnownFileType = sourcecode.c.h; path = "UIKit+AFNetworking.h"; sourceTree = "<group>"; };
		E4F369B41A64088F0037A533 /* UIProgressView+AFNetworking.h */ = {isa = PBXFileReference; fileEncoding = 4; lastKnownFileType = sourcecode.c.h; path = "UIProgressView+AFNetworking.h"; sourceTree = "<group>"; };
		E4F369B51A64088F0037A533 /* UIProgressView+AFNetworking.m */ = {isa = PBXFileReference; fileEncoding = 4; lastKnownFileType = sourcecode.c.objc; path = "UIProgressView+AFNetworking.m"; sourceTree = "<group>"; };
		E4F369B61A64088F0037A533 /* UIRefreshControl+AFNetworking.h */ = {isa = PBXFileReference; fileEncoding = 4; lastKnownFileType = sourcecode.c.h; path = "UIRefreshControl+AFNetworking.h"; sourceTree = "<group>"; };
		E4F369B71A64088F0037A533 /* UIRefreshControl+AFNetworking.m */ = {isa = PBXFileReference; fileEncoding = 4; lastKnownFileType = sourcecode.c.objc; path = "UIRefreshControl+AFNetworking.m"; sourceTree = "<group>"; };
		E4F369B81A64088F0037A533 /* UIWebView+AFNetworking.h */ = {isa = PBXFileReference; fileEncoding = 4; lastKnownFileType = sourcecode.c.h; path = "UIWebView+AFNetworking.h"; sourceTree = "<group>"; };
		E4F369B91A64088F0037A533 /* UIWebView+AFNetworking.m */ = {isa = PBXFileReference; fileEncoding = 4; lastKnownFileType = sourcecode.c.objc; path = "UIWebView+AFNetworking.m"; sourceTree = "<group>"; };
		E4F369CF1A6415280037A533 /* ShezhiViewController.h */ = {isa = PBXFileReference; fileEncoding = 4; lastKnownFileType = sourcecode.c.h; path = ShezhiViewController.h; sourceTree = "<group>"; };
		E4F369D01A6415280037A533 /* ShezhiViewController.m */ = {isa = PBXFileReference; fileEncoding = 4; lastKnownFileType = sourcecode.c.objc; path = ShezhiViewController.m; sourceTree = "<group>"; };
		E4F369D11A6415280037A533 /* ShezhiViewController.xib */ = {isa = PBXFileReference; fileEncoding = 4; lastKnownFileType = file.xib; path = ShezhiViewController.xib; sourceTree = "<group>"; };
		E4F369D21A6415280037A533 /* UpdatePasswordViewController.h */ = {isa = PBXFileReference; fileEncoding = 4; lastKnownFileType = sourcecode.c.h; path = UpdatePasswordViewController.h; sourceTree = "<group>"; };
		E4F369D31A6415280037A533 /* UpdatePasswordViewController.m */ = {isa = PBXFileReference; fileEncoding = 4; lastKnownFileType = sourcecode.c.objc; path = UpdatePasswordViewController.m; sourceTree = "<group>"; };
		E4F369D41A6415280037A533 /* UpdatePasswordViewController.xib */ = {isa = PBXFileReference; fileEncoding = 4; lastKnownFileType = file.xib; path = UpdatePasswordViewController.xib; sourceTree = "<group>"; };
		E4F369D51A6415280037A533 /* YjfkViewController.h */ = {isa = PBXFileReference; fileEncoding = 4; lastKnownFileType = sourcecode.c.h; path = YjfkViewController.h; sourceTree = "<group>"; };
		E4F369D61A6415280037A533 /* YjfkViewController.m */ = {isa = PBXFileReference; fileEncoding = 4; lastKnownFileType = sourcecode.c.objc; path = YjfkViewController.m; sourceTree = "<group>"; };
		E4F369D71A6415280037A533 /* YjfkViewController.xib */ = {isa = PBXFileReference; fileEncoding = 4; lastKnownFileType = file.xib; path = YjfkViewController.xib; sourceTree = "<group>"; };
		E4F369DE1A6418EF0037A533 /* ic_sz_002.png */ = {isa = PBXFileReference; lastKnownFileType = image.png; path = ic_sz_002.png; sourceTree = "<group>"; };
		E4F369E01A642A670037A533 /* ic_index_004_high.png */ = {isa = PBXFileReference; lastKnownFileType = image.png; path = ic_index_004_high.png; sourceTree = "<group>"; };
		E4F369E11A642A670037A533 /* ic_index_004.png */ = {isa = PBXFileReference; lastKnownFileType = image.png; path = ic_index_004.png; sourceTree = "<group>"; };
		E4F369E41A642ADF0037A533 /* BbspViewController.h */ = {isa = PBXFileReference; fileEncoding = 4; lastKnownFileType = sourcecode.c.h; name = BbspViewController.h; path = view/BbspViewController.h; sourceTree = "<group>"; };
		E4F369E51A642ADF0037A533 /* BbspViewController.m */ = {isa = PBXFileReference; fileEncoding = 4; lastKnownFileType = sourcecode.c.objc; name = BbspViewController.m; path = view/BbspViewController.m; sourceTree = "<group>"; };
		E4F369E61A642ADF0037A533 /* BbspViewController.xib */ = {isa = PBXFileReference; fileEncoding = 4; lastKnownFileType = file.xib; name = BbspViewController.xib; path = view/BbspViewController.xib; sourceTree = "<group>"; };
		E4F369E91A642B0C0037A533 /* JYSlideSegmentController.h */ = {isa = PBXFileReference; fileEncoding = 4; lastKnownFileType = sourcecode.c.h; name = JYSlideSegmentController.h; path = view/JYSlideSegmentController.h; sourceTree = "<group>"; };
		E4F369EA1A642B0C0037A533 /* JYSlideSegmentController.m */ = {isa = PBXFileReference; fileEncoding = 4; lastKnownFileType = sourcecode.c.objc; name = JYSlideSegmentController.m; path = view/JYSlideSegmentController.m; sourceTree = "<group>"; };
		E4F369EC1A642B4D0037A533 /* SpTableViewCell.h */ = {isa = PBXFileReference; fileEncoding = 4; lastKnownFileType = sourcecode.c.h; name = SpTableViewCell.h; path = view/SpTableViewCell.h; sourceTree = "<group>"; };
		E4F369ED1A642B4D0037A533 /* SpTableViewCell.m */ = {isa = PBXFileReference; fileEncoding = 4; lastKnownFileType = sourcecode.c.objc; name = SpTableViewCell.m; path = view/SpTableViewCell.m; sourceTree = "<group>"; };
		E4F369EE1A642B4D0037A533 /* SpTableViewCell.xib */ = {isa = PBXFileReference; fileEncoding = 4; lastKnownFileType = file.xib; name = SpTableViewCell.xib; path = view/SpTableViewCell.xib; sourceTree = "<group>"; };
		E4F369F11A642C010037A533 /* ic_sp_001.png */ = {isa = PBXFileReference; lastKnownFileType = image.png; path = ic_sp_001.png; sourceTree = "<group>"; };
		E4F369F31A642C4F0037A533 /* nopicture.png */ = {isa = PBXFileReference; lastKnownFileType = image.png; path = nopicture.png; sourceTree = "<group>"; };
		E4F369F51A6443930037A533 /* KcbViewController.h */ = {isa = PBXFileReference; fileEncoding = 4; lastKnownFileType = sourcecode.c.h; name = KcbViewController.h; path = view/KcbViewController.h; sourceTree = "<group>"; };
		E4F369F61A6443930037A533 /* KcbViewController.m */ = {isa = PBXFileReference; fileEncoding = 4; lastKnownFileType = sourcecode.c.objc; name = KcbViewController.m; path = view/KcbViewController.m; sourceTree = "<group>"; };
		E4F369F71A6443930037A533 /* KcbViewController.xib */ = {isa = PBXFileReference; fileEncoding = 4; lastKnownFileType = file.xib; name = KcbViewController.xib; path = view/KcbViewController.xib; sourceTree = "<group>"; };
		E4F369FA1A6444EA0037A533 /* ic_kcb_bg.png */ = {isa = PBXFileReference; lastKnownFileType = image.png; path = ic_kcb_bg.png; sourceTree = "<group>"; };
		E4F369FB1A6444EA0037A533 /* ic_kcb_bg2.png */ = {isa = PBXFileReference; lastKnownFileType = image.png; path = ic_kcb_bg2.png; sourceTree = "<group>"; };
		E4F369FE1A6448300037A533 /* ic_index_007_high.png */ = {isa = PBXFileReference; lastKnownFileType = image.png; path = ic_index_007_high.png; sourceTree = "<group>"; };
		E4F369FF1A6448300037A533 /* ic_index_007.png */ = {isa = PBXFileReference; lastKnownFileType = image.png; path = ic_index_007.png; sourceTree = "<group>"; };
/* End PBXFileReference section */

/* Begin PBXFrameworksBuildPhase section */
		E4F368F31A63CEF30037A533 /* Frameworks */ = {
			isa = PBXFrameworksBuildPhase;
			buildActionMask = 2147483647;
			files = (
				E4F3696C1A63E55B0037A533 /* ImageIO.framework in Frameworks */,
				E4F3696A1A63E54D0037A533 /* Security.framework in Frameworks */,
				E4F369681A63E53C0037A533 /* SystemConfiguration.framework in Frameworks */,
				E4F369671A63E52F0037A533 /* CFNetwork.framework in Frameworks */,
			);
			runOnlyForDeploymentPostprocessing = 0;
		};
		E4F3690C1A63CEF40037A533 /* Frameworks */ = {
			isa = PBXFrameworksBuildPhase;
			buildActionMask = 2147483647;
			files = (
			);
			runOnlyForDeploymentPostprocessing = 0;
		};
/* End PBXFrameworksBuildPhase section */

/* Begin PBXGroup section */
		E4F368ED1A63CEF30037A533 = {
			isa = PBXGroup;
			children = (
				E4F368F81A63CEF30037A533 /* hmxx */,
				E4F369651A63E4FF0037A533 /* Frameworks */,
				E4F369121A63CEF40037A533 /* hmxxTests */,
				E4F368F71A63CEF30037A533 /* Products */,
			);
			sourceTree = "<group>";
		};
		E4F368F71A63CEF30037A533 /* Products */ = {
			isa = PBXGroup;
			children = (
				E4F368F61A63CEF30037A533 /* hmxx.app */,
				E4F3690F1A63CEF40037A533 /* hmxxTests.xctest */,
			);
			name = Products;
			sourceTree = "<group>";
		};
		E4F368F81A63CEF30037A533 /* hmxx */ = {
			isa = PBXGroup;
			children = (
				E4F368FD1A63CEF40037A533 /* AppDelegate.h */,
				E4F368FE1A63CEF40037A533 /* AppDelegate.m */,
				E4F369031A63CEF40037A533 /* Main.storyboard */,
				E4F369061A63CEF40037A533 /* Images.xcassets */,
				E4F369211A63E0920037A533 /* GuideViewController.h */,
				E4F369221A63E0920037A533 /* GuideViewController.m */,
				E4F369231A63E0920037A533 /* GuideViewController.xib */,
				E4F369241A63E0920037A533 /* LoginViewController.h */,
				E4F369251A63E0920037A533 /* LoginViewController.m */,
				E4F369261A63E0920037A533 /* LoginViewController.xib */,
				E4F369711A6405F10037A533 /* MainViewController.h */,
				E4F369721A6405F10037A533 /* MainViewController.m */,
				E4F369731A6405F10037A533 /* MainViewController.xib */,
				E4F369911A6407F40037A533 /* Utils.h */,
				E4F369921A6407F40037A533 /* Utils.m */,
				E4F369CD1A6414BE0037A533 /* view */,
				E4F369CE1A6415280037A533 /* shezi */,
				E4F368F91A63CEF30037A533 /* Supporting Files */,
				E4F3693A1A63E36C0037A533 /* MKNetworkKit */,
				E4F3695C1A63E3FE0037A533 /* MBProgressHUD */,
				E4F369941A64088F0037A533 /* AFNetworking */,
			);
			path = hmxx;
			sourceTree = "<group>";
		};
		E4F368F91A63CEF30037A533 /* Supporting Files */ = {
			isa = PBXGroup;
			children = (
				E4F3692B1A63E1D20037A533 /* images */,
				E4F368FA1A63CEF30037A533 /* Info.plist */,
				E4F368FB1A63CEF40037A533 /* main.m */,
				E4F3696E1A63E6BB0037A533 /* hmxx.pch */,
			);
			name = "Supporting Files";
			sourceTree = "<group>";
		};
		E4F369121A63CEF40037A533 /* hmxxTests */ = {
			isa = PBXGroup;
			children = (
				E4F369151A63CEF40037A533 /* hmxxTests.m */,
				E4F369131A63CEF40037A533 /* Supporting Files */,
			);
			path = hmxxTests;
			sourceTree = "<group>";
		};
		E4F369131A63CEF40037A533 /* Supporting Files */ = {
			isa = PBXGroup;
			children = (
				E4F369141A63CEF40037A533 /* Info.plist */,
			);
			name = "Supporting Files";
			sourceTree = "<group>";
		};
		E4F3692B1A63E1D20037A533 /* images */ = {
			isa = PBXGroup;
			children = (
				E4F369FE1A6448300037A533 /* ic_index_007_high.png */,
				E4F369FF1A6448300037A533 /* ic_index_007.png */,
				E4F369FA1A6444EA0037A533 /* ic_kcb_bg.png */,
				E4F369FB1A6444EA0037A533 /* ic_kcb_bg2.png */,
				E4F369F31A642C4F0037A533 /* nopicture.png */,
				E4F369F11A642C010037A533 /* ic_sp_001.png */,
				E4F369E01A642A670037A533 /* ic_index_004_high.png */,
				E4F369E11A642A670037A533 /* ic_index_004.png */,
				E4F369DE1A6418EF0037A533 /* ic_sz_002.png */,
				E4F3698D1A6406D60037A533 /* chatListCellHead.png */,
				E4F3698E1A6406D60037A533 /* chatListCellHead@2x.png */,
				E4F3697E1A64066D0037A533 /* ic_index_012.png */,
				E4F3697F1A64066D0037A533 /* ic_index_bg.png */,
				E4F369761A6406500037A533 /* ic_index_bg.png */,
				E4F3696F1A63ED080037A533 /* start_open.png */,
				E4F3692C1A63E1D20037A533 /* default4.png */,
				E4F3692D1A63E1D20037A533 /* guide_1.png */,
				E4F3692E1A63E1D20037A533 /* guide_2.png */,
				E4F3692F1A63E1D20037A533 /* guide_3.png */,
				E4F369301A63E1D20037A533 /* guide_4.png */,
				E4F369311A63E1D20037A533 /* ic_login_password.png */,
				E4F369321A63E1D20037A533 /* ic_login_user.png */,
			);
			path = images;
			sourceTree = "<group>";
		};
		E4F3693A1A63E36C0037A533 /* MKNetworkKit */ = {
			isa = PBXGroup;
			children = (
				E4F3693B1A63E36C0037A533 /* Categories */,
				E4F3694A1A63E36C0037A533 /* MKNetworkEngine.h */,
				E4F3694B1A63E36C0037A533 /* MKNetworkEngine.m */,
				E4F3694C1A63E36C0037A533 /* MKNetworkKit.h */,
				E4F3694D1A63E36C0037A533 /* MKNetworkOperation.h */,
				E4F3694E1A63E36C0037A533 /* MKNetworkOperation.m */,
				E4F3694F1A63E36C0037A533 /* Reachability */,
			);
			path = MKNetworkKit;
			sourceTree = "<group>";
		};
		E4F3693B1A63E36C0037A533 /* Categories */ = {
			isa = PBXGroup;
			children = (
				E4F3693C1A63E36C0037A533 /* NSAlert+MKNetworkKitAdditions.h */,
				E4F3693D1A63E36C0037A533 /* NSAlert+MKNetworkKitAdditions.m */,
				E4F3693E1A63E36C0037A533 /* NSData+MKBase64.h */,
				E4F3693F1A63E36C0037A533 /* NSData+MKBase64.m */,
				E4F369401A63E36C0037A533 /* NSDate+RFC1123.h */,
				E4F369411A63E36C0037A533 /* NSDate+RFC1123.m */,
				E4F369421A63E36C0037A533 /* NSDictionary+RequestEncoding.h */,
				E4F369431A63E36C0037A533 /* NSDictionary+RequestEncoding.m */,
				E4F369441A63E36C0037A533 /* NSString+MKNetworkKitAdditions.h */,
				E4F369451A63E36C0037A533 /* NSString+MKNetworkKitAdditions.m */,
				E4F369461A63E36C0037A533 /* UIAlertView+MKNetworkKitAdditions.h */,
				E4F369471A63E36C0037A533 /* UIAlertView+MKNetworkKitAdditions.m */,
				E4F369481A63E36C0037A533 /* UIImageView+MKNetworkKitAdditions.h */,
				E4F369491A63E36C0037A533 /* UIImageView+MKNetworkKitAdditions.m */,
			);
			path = Categories;
			sourceTree = "<group>";
		};
		E4F3694F1A63E36C0037A533 /* Reachability */ = {
			isa = PBXGroup;
			children = (
				E4F369501A63E36C0037A533 /* Reachability.h */,
				E4F369511A63E36C0037A533 /* Reachability.m */,
			);
			path = Reachability;
			sourceTree = "<group>";
		};
		E4F3695C1A63E3FE0037A533 /* MBProgressHUD */ = {
			isa = PBXGroup;
			children = (
				E4F3695D1A63E3FE0037A533 /* MBProgressHUD+Add.h */,
				E4F3695E1A63E3FE0037A533 /* MBProgressHUD+Add.m */,
				E4F3695F1A63E3FE0037A533 /* MBProgressHUD.h */,
				E4F369601A63E3FE0037A533 /* MBProgressHUD.m */,
			);
			path = MBProgressHUD;
			sourceTree = "<group>";
		};
		E4F369651A63E4FF0037A533 /* Frameworks */ = {
			isa = PBXGroup;
			children = (
				E4F3696B1A63E55B0037A533 /* ImageIO.framework */,
				E4F369691A63E54D0037A533 /* Security.framework */,
				E4F369661A63E52F0037A533 /* CFNetwork.framework */,
				E4F369631A63E4A20037A533 /* SystemConfiguration.framework */,
			);
			name = Frameworks;
			sourceTree = "<group>";
		};
		E4F369941A64088F0037A533 /* AFNetworking */ = {
			isa = PBXGroup;
			children = (
				E4F369951A64088F0037A533 /* AFHTTPRequestOperation.h */,
				E4F369961A64088F0037A533 /* AFHTTPRequestOperation.m */,
				E4F369971A64088F0037A533 /* AFHTTPRequestOperationManager.h */,
				E4F369981A64088F0037A533 /* AFHTTPRequestOperationManager.m */,
				E4F369991A64088F0037A533 /* AFHTTPSessionManager.h */,
				E4F3699A1A64088F0037A533 /* AFHTTPSessionManager.m */,
				E4F3699B1A64088F0037A533 /* AFNetworking.h */,
				E4F3699C1A64088F0037A533 /* AFNetworkReachabilityManager.h */,
				E4F3699D1A64088F0037A533 /* AFNetworkReachabilityManager.m */,
				E4F3699E1A64088F0037A533 /* AFSecurityPolicy.h */,
				E4F3699F1A64088F0037A533 /* AFSecurityPolicy.m */,
				E4F369A01A64088F0037A533 /* AFURLConnectionOperation.h */,
				E4F369A11A64088F0037A533 /* AFURLConnectionOperation.m */,
				E4F369A21A64088F0037A533 /* AFURLRequestSerialization.h */,
				E4F369A31A64088F0037A533 /* AFURLRequestSerialization.m */,
				E4F369A41A64088F0037A533 /* AFURLResponseSerialization.h */,
				E4F369A51A64088F0037A533 /* AFURLResponseSerialization.m */,
				E4F369A61A64088F0037A533 /* AFURLSessionManager.h */,
				E4F369A71A64088F0037A533 /* AFURLSessionManager.m */,
				E4F369A81A64088F0037A533 /* UIKit+AFNetworking */,
			);
			path = AFNetworking;
			sourceTree = "<group>";
		};
		E4F369A81A64088F0037A533 /* UIKit+AFNetworking */ = {
			isa = PBXGroup;
			children = (
				E4F369A91A64088F0037A533 /* AFNetworkActivityIndicatorManager.h */,
				E4F369AA1A64088F0037A533 /* AFNetworkActivityIndicatorManager.m */,
				E4F369AB1A64088F0037A533 /* UIActivityIndicatorView+AFNetworking.h */,
				E4F369AC1A64088F0037A533 /* UIActivityIndicatorView+AFNetworking.m */,
				E4F369AD1A64088F0037A533 /* UIAlertView+AFNetworking.h */,
				E4F369AE1A64088F0037A533 /* UIAlertView+AFNetworking.m */,
				E4F369AF1A64088F0037A533 /* UIButton+AFNetworking.h */,
				E4F369B01A64088F0037A533 /* UIButton+AFNetworking.m */,
				E4F369B11A64088F0037A533 /* UIImageView+AFNetworking.h */,
				E4F369B21A64088F0037A533 /* UIImageView+AFNetworking.m */,
				E4F369B31A64088F0037A533 /* UIKit+AFNetworking.h */,
				E4F369B41A64088F0037A533 /* UIProgressView+AFNetworking.h */,
				E4F369B51A64088F0037A533 /* UIProgressView+AFNetworking.m */,
				E4F369B61A64088F0037A533 /* UIRefreshControl+AFNetworking.h */,
				E4F369B71A64088F0037A533 /* UIRefreshControl+AFNetworking.m */,
				E4F369B81A64088F0037A533 /* UIWebView+AFNetworking.h */,
				E4F369B91A64088F0037A533 /* UIWebView+AFNetworking.m */,
			);
			path = "UIKit+AFNetworking";
			sourceTree = "<group>";
		};
		E4F369CD1A6414BE0037A533 /* view */ = {
			isa = PBXGroup;
			children = (
				E4F369E91A642B0C0037A533 /* JYSlideSegmentController.h */,
				E4F369EA1A642B0C0037A533 /* JYSlideSegmentController.m */,
				E4F369E41A642ADF0037A533 /* BbspViewController.h */,
				E4F369E51A642ADF0037A533 /* BbspViewController.m */,
				E4F369E61A642ADF0037A533 /* BbspViewController.xib */,
				E4F369EC1A642B4D0037A533 /* SpTableViewCell.h */,
				E4F369ED1A642B4D0037A533 /* SpTableViewCell.m */,
				E4F369EE1A642B4D0037A533 /* SpTableViewCell.xib */,
				E4F369F51A6443930037A533 /* KcbViewController.h */,
				E4F369F61A6443930037A533 /* KcbViewController.m */,
				E4F369F71A6443930037A533 /* KcbViewController.xib */,
			);
			name = view;
			sourceTree = "<group>";
		};
		E4F369CE1A6415280037A533 /* shezi */ = {
			isa = PBXGroup;
			children = (
				E4F369CF1A6415280037A533 /* ShezhiViewController.h */,
				E4F369D01A6415280037A533 /* ShezhiViewController.m */,
				E4F369D11A6415280037A533 /* ShezhiViewController.xib */,
				E4F369D21A6415280037A533 /* UpdatePasswordViewController.h */,
				E4F369D31A6415280037A533 /* UpdatePasswordViewController.m */,
				E4F369D41A6415280037A533 /* UpdatePasswordViewController.xib */,
				E4F369D51A6415280037A533 /* YjfkViewController.h */,
				E4F369D61A6415280037A533 /* YjfkViewController.m */,
				E4F369D71A6415280037A533 /* YjfkViewController.xib */,
			);
			path = shezi;
			sourceTree = "<group>";
		};
/* End PBXGroup section */

/* Begin PBXNativeTarget section */
		E4F368F51A63CEF30037A533 /* hmxx */ = {
			isa = PBXNativeTarget;
			buildConfigurationList = E4F369191A63CEF40037A533 /* Build configuration list for PBXNativeTarget "hmxx" */;
			buildPhases = (
				E4F368F21A63CEF30037A533 /* Sources */,
				E4F368F31A63CEF30037A533 /* Frameworks */,
				E4F368F41A63CEF30037A533 /* Resources */,
			);
			buildRules = (
			);
			dependencies = (
			);
			name = hmxx;
			productName = hmxx;
			productReference = E4F368F61A63CEF30037A533 /* hmxx.app */;
			productType = "com.apple.product-type.application";
		};
		E4F3690E1A63CEF40037A533 /* hmxxTests */ = {
			isa = PBXNativeTarget;
			buildConfigurationList = E4F3691C1A63CEF40037A533 /* Build configuration list for PBXNativeTarget "hmxxTests" */;
			buildPhases = (
				E4F3690B1A63CEF40037A533 /* Sources */,
				E4F3690C1A63CEF40037A533 /* Frameworks */,
				E4F3690D1A63CEF40037A533 /* Resources */,
			);
			buildRules = (
			);
			dependencies = (
				E4F369111A63CEF40037A533 /* PBXTargetDependency */,
			);
			name = hmxxTests;
			productName = hmxxTests;
			productReference = E4F3690F1A63CEF40037A533 /* hmxxTests.xctest */;
			productType = "com.apple.product-type.bundle.unit-test";
		};
/* End PBXNativeTarget section */

/* Begin PBXProject section */
		E4F368EE1A63CEF30037A533 /* Project object */ = {
			isa = PBXProject;
			attributes = {
				LastUpgradeCheck = 0610;
				ORGANIZATIONNAME = hmzl;
				TargetAttributes = {
					E4F368F51A63CEF30037A533 = {
						CreatedOnToolsVersion = 6.1;
						DevelopmentTeam = 385K2MCGVE;
					};
					E4F3690E1A63CEF40037A533 = {
						CreatedOnToolsVersion = 6.1;
						TestTargetID = E4F368F51A63CEF30037A533;
					};
				};
			};
			buildConfigurationList = E4F368F11A63CEF30037A533 /* Build configuration list for PBXProject "hmxx" */;
			compatibilityVersion = "Xcode 3.2";
			developmentRegion = English;
			hasScannedForEncodings = 0;
			knownRegions = (
				en,
				Base,
			);
			mainGroup = E4F368ED1A63CEF30037A533;
			productRefGroup = E4F368F71A63CEF30037A533 /* Products */;
			projectDirPath = "";
			projectRoot = "";
			targets = (
				E4F368F51A63CEF30037A533 /* hmxx */,
				E4F3690E1A63CEF40037A533 /* hmxxTests */,
			);
		};
/* End PBXProject section */

/* Begin PBXResourcesBuildPhase section */
		E4F368F41A63CEF30037A533 /* Resources */ = {
			isa = PBXResourcesBuildPhase;
			buildActionMask = 2147483647;
			files = (
				E4F36A001A6448300037A533 /* ic_index_007_high.png in Resources */,
				E4F369901A6406D60037A533 /* chatListCellHead@2x.png in Resources */,
				E4F369701A63ED080037A533 /* start_open.png in Resources */,
				E4F369751A6405F10037A533 /* MainViewController.xib in Resources */,
				E4F369F21A642C010037A533 /* ic_sp_001.png in Resources */,
				E4F36A011A6448300037A533 /* ic_index_007.png in Resources */,
				E4F369E21A642A670037A533 /* ic_index_004_high.png in Resources */,
				E4F369DD1A6415280037A533 /* YjfkViewController.xib in Resources */,
				E4F369F91A6443930037A533 /* KcbViewController.xib in Resources */,
				E4F369341A63E1D20037A533 /* guide_1.png in Resources */,
				E4F369DB1A6415280037A533 /* UpdatePasswordViewController.xib in Resources */,
				E4F3692A1A63E0920037A533 /* LoginViewController.xib in Resources */,
				E4F369F01A642B4D0037A533 /* SpTableViewCell.xib in Resources */,
				E4F369D91A6415280037A533 /* ShezhiViewController.xib in Resources */,
				E4F369891A64066D0037A533 /* ic_index_bg.png in Resources */,
				E4F369FC1A6444EA0037A533 /* ic_kcb_bg.png in Resources */,
				E4F369FD1A6444EA0037A533 /* ic_kcb_bg2.png in Resources */,
				E4F369881A64066D0037A533 /* ic_index_012.png in Resources */,
				E4F369E81A642ADF0037A533 /* BbspViewController.xib in Resources */,
				E4F369391A63E1D20037A533 /* ic_login_user.png in Resources */,
				E4F369DF1A6418EF0037A533 /* ic_sz_002.png in Resources */,
				E4F369051A63CEF40037A533 /* Main.storyboard in Resources */,
				E4F369371A63E1D20037A533 /* guide_4.png in Resources */,
				E4F369281A63E0920037A533 /* GuideViewController.xib in Resources */,
				E4F369351A63E1D20037A533 /* guide_2.png in Resources */,
				E4F369E31A642A670037A533 /* ic_index_004.png in Resources */,
				E4F369381A63E1D20037A533 /* ic_login_password.png in Resources */,
				E4F369071A63CEF40037A533 /* Images.xcassets in Resources */,
				E4F369771A6406500037A533 /* ic_index_bg.png in Resources */,
				E4F369361A63E1D20037A533 /* guide_3.png in Resources */,
				E4F369F41A642C4F0037A533 /* nopicture.png in Resources */,
				E4F3698F1A6406D60037A533 /* chatListCellHead.png in Resources */,
				E4F369331A63E1D20037A533 /* default4.png in Resources */,
			);
			runOnlyForDeploymentPostprocessing = 0;
		};
		E4F3690D1A63CEF40037A533 /* Resources */ = {
			isa = PBXResourcesBuildPhase;
			buildActionMask = 2147483647;
			files = (
			);
			runOnlyForDeploymentPostprocessing = 0;
		};
/* End PBXResourcesBuildPhase section */

/* Begin PBXSourcesBuildPhase section */
		E4F368F21A63CEF30037A533 /* Sources */ = {
			isa = PBXSourcesBuildPhase;
			buildActionMask = 2147483647;
			files = (
				E4F369551A63E36C0037A533 /* NSDictionary+RequestEncoding.m in Sources */,
				E4F369591A63E36C0037A533 /* MKNetworkEngine.m in Sources */,
				E4F369BE1A64088F0037A533 /* AFSecurityPolicy.m in Sources */,
				E4F369BB1A64088F0037A533 /* AFHTTPRequestOperationManager.m in Sources */,
				E4F369BA1A64088F0037A533 /* AFHTTPRequestOperation.m in Sources */,
				E4F369581A63E36C0037A533 /* UIImageView+MKNetworkKitAdditions.m in Sources */,
				E4F3695B1A63E36C0037A533 /* Reachability.m in Sources */,
				E4F369571A63E36C0037A533 /* UIAlertView+MKNetworkKitAdditions.m in Sources */,
				E4F369EB1A642B0C0037A533 /* JYSlideSegmentController.m in Sources */,
				E4F369DC1A6415280037A533 /* YjfkViewController.m in Sources */,
				E4F369271A63E0920037A533 /* GuideViewController.m in Sources */,
				E4F369C61A64088F0037A533 /* UIButton+AFNetworking.m in Sources */,
				E4F369621A63E3FE0037A533 /* MBProgressHUD.m in Sources */,
				E4F369D81A6415280037A533 /* ShezhiViewController.m in Sources */,
				E4F369C71A64088F0037A533 /* UIImageView+AFNetworking.m in Sources */,
				E4F369741A6405F10037A533 /* MainViewController.m in Sources */,
				E4F369C81A64088F0037A533 /* UIProgressView+AFNetworking.m in Sources */,
				E4F369611A63E3FE0037A533 /* MBProgressHUD+Add.m in Sources */,
				E4F369C31A64088F0037A533 /* AFNetworkActivityIndicatorManager.m in Sources */,
				E4F369E71A642ADF0037A533 /* BbspViewController.m in Sources */,
				E4F369EF1A642B4D0037A533 /* SpTableViewCell.m in Sources */,
				E4F369931A6407F40037A533 /* Utils.m in Sources */,
				E4F369CA1A64088F0037A533 /* UIWebView+AFNetworking.m in Sources */,
				E4F369BC1A64088F0037A533 /* AFHTTPSessionManager.m in Sources */,
				E4F368FF1A63CEF40037A533 /* AppDelegate.m in Sources */,
				E4F369521A63E36C0037A533 /* NSAlert+MKNetworkKitAdditions.m in Sources */,
				E4F369BF1A64088F0037A533 /* AFURLConnectionOperation.m in Sources */,
				E4F369C01A64088F0037A533 /* AFURLRequestSerialization.m in Sources */,
				E4F369C21A64088F0037A533 /* AFURLSessionManager.m in Sources */,
				E4F369C11A64088F0037A533 /* AFURLResponseSerialization.m in Sources */,
				E4F369C91A64088F0037A533 /* UIRefreshControl+AFNetworking.m in Sources */,
				E4F368FC1A63CEF40037A533 /* main.m in Sources */,
				E4F369C41A64088F0037A533 /* UIActivityIndicatorView+AFNetworking.m in Sources */,
				E4F369531A63E36C0037A533 /* NSData+MKBase64.m in Sources */,
				E4F369C51A64088F0037A533 /* UIAlertView+AFNetworking.m in Sources */,
				E4F3695A1A63E36C0037A533 /* MKNetworkOperation.m in Sources */,
				E4F369291A63E0920037A533 /* LoginViewController.m in Sources */,
				E4F369561A63E36C0037A533 /* NSString+MKNetworkKitAdditions.m in Sources */,
				E4F369BD1A64088F0037A533 /* AFNetworkReachabilityManager.m in Sources */,
				E4F369DA1A6415280037A533 /* UpdatePasswordViewController.m in Sources */,
				E4F369541A63E36C0037A533 /* NSDate+RFC1123.m in Sources */,
				E4F369F81A6443930037A533 /* KcbViewController.m in Sources */,
			);
			runOnlyForDeploymentPostprocessing = 0;
		};
		E4F3690B1A63CEF40037A533 /* Sources */ = {
			isa = PBXSourcesBuildPhase;
			buildActionMask = 2147483647;
			files = (
				E4F369161A63CEF40037A533 /* hmxxTests.m in Sources */,
			);
			runOnlyForDeploymentPostprocessing = 0;
		};
/* End PBXSourcesBuildPhase section */

/* Begin PBXTargetDependency section */
		E4F369111A63CEF40037A533 /* PBXTargetDependency */ = {
			isa = PBXTargetDependency;
			target = E4F368F51A63CEF30037A533 /* hmxx */;
			targetProxy = E4F369101A63CEF40037A533 /* PBXContainerItemProxy */;
		};
/* End PBXTargetDependency section */

/* Begin PBXVariantGroup section */
		E4F369031A63CEF40037A533 /* Main.storyboard */ = {
			isa = PBXVariantGroup;
			children = (
				E4F369041A63CEF40037A533 /* Base */,
			);
			name = Main.storyboard;
			sourceTree = "<group>";
		};
/* End PBXVariantGroup section */

/* Begin XCBuildConfiguration section */
		E4F369171A63CEF40037A533 /* Debug */ = {
			isa = XCBuildConfiguration;
			buildSettings = {
				ALWAYS_SEARCH_USER_PATHS = NO;
				CLANG_CXX_LANGUAGE_STANDARD = "gnu++0x";
				CLANG_CXX_LIBRARY = "libc++";
				CLANG_ENABLE_MODULES = YES;
				CLANG_ENABLE_OBJC_ARC = YES;
				CLANG_WARN_BOOL_CONVERSION = YES;
				CLANG_WARN_CONSTANT_CONVERSION = YES;
				CLANG_WARN_DIRECT_OBJC_ISA_USAGE = YES_ERROR;
				CLANG_WARN_EMPTY_BODY = YES;
				CLANG_WARN_ENUM_CONVERSION = YES;
				CLANG_WARN_INT_CONVERSION = YES;
				CLANG_WARN_OBJC_ROOT_CLASS = YES_ERROR;
				CLANG_WARN_UNREACHABLE_CODE = YES;
				CLANG_WARN__DUPLICATE_METHOD_MATCH = YES;
				"CODE_SIGN_IDENTITY[sdk=iphoneos*]" = "iPhone Developer";
				COPY_PHASE_STRIP = NO;
				ENABLE_STRICT_OBJC_MSGSEND = YES;
				GCC_C_LANGUAGE_STANDARD = gnu99;
				GCC_DYNAMIC_NO_PIC = NO;
				GCC_OPTIMIZATION_LEVEL = 0;
				GCC_PREPROCESSOR_DEFINITIONS = (
					"DEBUG=1",
					"$(inherited)",
				);
				GCC_SYMBOLS_PRIVATE_EXTERN = NO;
				GCC_WARN_64_TO_32_BIT_CONVERSION = YES;
				GCC_WARN_ABOUT_RETURN_TYPE = YES_ERROR;
				GCC_WARN_UNDECLARED_SELECTOR = YES;
				GCC_WARN_UNINITIALIZED_AUTOS = YES_AGGRESSIVE;
				GCC_WARN_UNUSED_FUNCTION = YES;
				GCC_WARN_UNUSED_VARIABLE = YES;
				IPHONEOS_DEPLOYMENT_TARGET = 8.1;
				MTL_ENABLE_DEBUG_INFO = YES;
				ONLY_ACTIVE_ARCH = YES;
				SDKROOT = iphoneos;
			};
			name = Debug;
		};
		E4F369181A63CEF40037A533 /* Release */ = {
			isa = XCBuildConfiguration;
			buildSettings = {
				ALWAYS_SEARCH_USER_PATHS = NO;
				CLANG_CXX_LANGUAGE_STANDARD = "gnu++0x";
				CLANG_CXX_LIBRARY = "libc++";
				CLANG_ENABLE_MODULES = YES;
				CLANG_ENABLE_OBJC_ARC = YES;
				CLANG_WARN_BOOL_CONVERSION = YES;
				CLANG_WARN_CONSTANT_CONVERSION = YES;
				CLANG_WARN_DIRECT_OBJC_ISA_USAGE = YES_ERROR;
				CLANG_WARN_EMPTY_BODY = YES;
				CLANG_WARN_ENUM_CONVERSION = YES;
				CLANG_WARN_INT_CONVERSION = YES;
				CLANG_WARN_OBJC_ROOT_CLASS = YES_ERROR;
				CLANG_WARN_UNREACHABLE_CODE = YES;
				CLANG_WARN__DUPLICATE_METHOD_MATCH = YES;
				"CODE_SIGN_IDENTITY[sdk=iphoneos*]" = "iPhone Developer";
				COPY_PHASE_STRIP = YES;
				ENABLE_NS_ASSERTIONS = NO;
				ENABLE_STRICT_OBJC_MSGSEND = YES;
				GCC_C_LANGUAGE_STANDARD = gnu99;
				GCC_WARN_64_TO_32_BIT_CONVERSION = YES;
				GCC_WARN_ABOUT_RETURN_TYPE = YES_ERROR;
				GCC_WARN_UNDECLARED_SELECTOR = YES;
				GCC_WARN_UNINITIALIZED_AUTOS = YES_AGGRESSIVE;
				GCC_WARN_UNUSED_FUNCTION = YES;
				GCC_WARN_UNUSED_VARIABLE = YES;
				IPHONEOS_DEPLOYMENT_TARGET = 8.1;
				MTL_ENABLE_DEBUG_INFO = NO;
				SDKROOT = iphoneos;
				VALIDATE_PRODUCT = YES;
			};
			name = Release;
		};
		E4F3691A1A63CEF40037A533 /* Debug */ = {
			isa = XCBuildConfiguration;
			buildSettings = {
				ASSETCATALOG_COMPILER_APPICON_NAME = AppIcon;
				ASSETCATALOG_COMPILER_LAUNCHIMAGE_NAME = LaunchImage;
				CODE_SIGN_IDENTITY = "iPhone Developer";
				GCC_PREFIX_HEADER = hmxx/hmxx.pch;
				INFOPLIST_FILE = hmxx/Info.plist;
				IPHONEOS_DEPLOYMENT_TARGET = 6.0;
				LD_RUNPATH_SEARCH_PATHS = "$(inherited) @executable_path/Frameworks";
				PRODUCT_NAME = "$(TARGET_NAME)";
			};
			name = Debug;
		};
		E4F3691B1A63CEF40037A533 /* Release */ = {
			isa = XCBuildConfiguration;
			buildSettings = {
				ASSETCATALOG_COMPILER_APPICON_NAME = AppIcon;
				ASSETCATALOG_COMPILER_LAUNCHIMAGE_NAME = LaunchImage;
				CODE_SIGN_IDENTITY = "iPhone Developer";
				GCC_PREFIX_HEADER = hmxx/hmxx.pch;
				INFOPLIST_FILE = hmxx/Info.plist;
				IPHONEOS_DEPLOYMENT_TARGET = 6.0;
				LD_RUNPATH_SEARCH_PATHS = "$(inherited) @executable_path/Frameworks";
				PRODUCT_NAME = "$(TARGET_NAME)";
			};
			name = Release;
		};
		E4F3691D1A63CEF40037A533 /* Debug */ = {
			isa = XCBuildConfiguration;
			buildSettings = {
				BUNDLE_LOADER = "$(TEST_HOST)";
				FRAMEWORK_SEARCH_PATHS = (
					"$(SDKROOT)/Developer/Library/Frameworks",
					"$(inherited)",
				);
				GCC_PREPROCESSOR_DEFINITIONS = (
					"DEBUG=1",
					"$(inherited)",
				);
				INFOPLIST_FILE = hmxxTests/Info.plist;
				LD_RUNPATH_SEARCH_PATHS = "$(inherited) @executable_path/Frameworks @loader_path/Frameworks";
				PRODUCT_NAME = "$(TARGET_NAME)";
				TEST_HOST = "$(BUILT_PRODUCTS_DIR)/hmxx.app/hmxx";
			};
			name = Debug;
		};
		E4F3691E1A63CEF40037A533 /* Release */ = {
			isa = XCBuildConfiguration;
			buildSettings = {
				BUNDLE_LOADER = "$(TEST_HOST)";
				FRAMEWORK_SEARCH_PATHS = (
					"$(SDKROOT)/Developer/Library/Frameworks",
					"$(inherited)",
				);
				INFOPLIST_FILE = hmxxTests/Info.plist;
				LD_RUNPATH_SEARCH_PATHS = "$(inherited) @executable_path/Frameworks @loader_path/Frameworks";
				PRODUCT_NAME = "$(TARGET_NAME)";
				TEST_HOST = "$(BUILT_PRODUCTS_DIR)/hmxx.app/hmxx";
			};
			name = Release;
		};
/* End XCBuildConfiguration section */

/* Begin XCConfigurationList section */
		E4F368F11A63CEF30037A533 /* Build configuration list for PBXProject "hmxx" */ = {
			isa = XCConfigurationList;
			buildConfigurations = (
				E4F369171A63CEF40037A533 /* Debug */,
				E4F369181A63CEF40037A533 /* Release */,
			);
			defaultConfigurationIsVisible = 0;
			defaultConfigurationName = Release;
		};
		E4F369191A63CEF40037A533 /* Build configuration list for PBXNativeTarget "hmxx" */ = {
			isa = XCConfigurationList;
			buildConfigurations = (
				E4F3691A1A63CEF40037A533 /* Debug */,
				E4F3691B1A63CEF40037A533 /* Release */,
			);
			defaultConfigurationIsVisible = 0;
			defaultConfigurationName = Release;
		};
		E4F3691C1A63CEF40037A533 /* Build configuration list for PBXNativeTarget "hmxxTests" */ = {
			isa = XCConfigurationList;
			buildConfigurations = (
				E4F3691D1A63CEF40037A533 /* Debug */,
				E4F3691E1A63CEF40037A533 /* Release */,
			);
			defaultConfigurationIsVisible = 0;
			defaultConfigurationName = Release;
		};
/* End XCConfigurationList section */
	};
	rootObject = E4F368EE1A63CEF30037A533 /* Project object */;
}
